
Microsoft Visual Studio Solution File, Format Version 12.00
# Visual Studio Version 17
VisualStudioVersion = 17.6.33723.286
MinimumVisualStudioVersion = 10.0.40219.1
Project("{9A19103F-16F7-4668-BE54-9A1E7A4F7556}") = "LinkShorteningSystem.Web", "LinkShorteningSystem\LinkShorteningSystem.Web.csproj", "{7B156ECB-6051-4D0C-B461-5CED1485F2CE}"
EndProject
Project("{9A19103F-16F7-4668-BE54-9A1E7A4F7556}") = "LinkShorteningSystem.Infrastructure", "LinkShorteningSystem.Infrastructure\LinkShorteningSystem.Infrastructure.csproj", "{DF270722-3F6C-40EF-AD6D-6DEC042CC6EA}"
EndProject
Project("{9A19103F-16F7-4668-BE54-9A1E7A4F7556}") = "LinkShorteningSystem.BL", "LinkShorteningSystem.BL\LinkShorteningSystem.BL.csproj", "{35FDAF05-8CFF-4A5C-9DAF-4D9E4135835A}"
EndProject
Project("{9A19103F-16F7-4668-BE54-9A1E7A4F7556}") = "LinkShorteningSystem.Domain", "LinkShorteningSystem.Domain\LinkShorteningSystem.Domain.csproj", "{38084E28-D843-4320-9267-ABFB94F6CEE6}"
EndProject
Project("{9A19103F-16F7-4668-BE54-9A1E7A4F7556}") = "LinkShorteningSystem.Api", "LinkShorteningSystem.WebApi\LinkShorteningSystem.Api.csproj", "{08C729EB-90E1-4740-9F90-0FCCBD1E3DDD}"
EndProject
Project("{9A19103F-16F7-4668-BE54-9A1E7A4F7556}") = "UnitTests", "UnitTests\UnitTests.csproj", "{C3AD8798-BDA6-4FDA-9361-97CBF08B9250}"
EndProject
Project("{2150E333-8FDC-42A3-9474-1A3956D46DE8}") = "src", "src", "{168609CF-46CB-438A-950B-951A151CE9B6}"
EndProject
Project("{2150E333-8FDC-42A3-9474-1A3956D46DE8}") = "LinkShorteningSystem", "LinkShorteningSystem", "{EA1D7A68-E06F-46E4-A7C8-EF6046D03849}"
EndProject
Project("{2150E333-8FDC-42A3-9474-1A3956D46DE8}") = "LinkShorteningSystem.Tests", "LinkShorteningSystem.Tests", "{49DFE9FF-88E6-4E19-AD6F-D13F6D2D5B95}"
EndProject
Global
	GlobalSection(SolutionConfigurationPlatforms) = preSolution
		Debug|Any CPU = Debug|Any CPU
		Release|Any CPU = Release|Any CPU
	EndGlobalSection
	GlobalSection(ProjectConfigurationPlatforms) = postSolution
		{7B156ECB-6051-4D0C-B461-5CED1485F2CE}.Debug|Any CPU.ActiveCfg = Debug|Any CPU
		{7B156ECB-6051-4D0C-B461-5CED1485F2CE}.Debug|Any CPU.Build.0 = Debug|Any CPU
		{7B156ECB-6051-4D0C-B461-5CED1485F2CE}.Release|Any CPU.ActiveCfg = Release|Any CPU
		{7B156ECB-6051-4D0C-B461-5CED1485F2CE}.Release|Any CPU.Build.0 = Release|Any CPU
		{DF270722-3F6C-40EF-AD6D-6DEC042CC6EA}.Debug|Any CPU.ActiveCfg = Debug|Any CPU
		{DF270722-3F6C-40EF-AD6D-6DEC042CC6EA}.Debug|Any CPU.Build.0 = Debug|Any CPU
		{DF270722-3F6C-40EF-AD6D-6DEC042CC6EA}.Release|Any CPU.ActiveCfg = Release|Any CPU
		{DF270722-3F6C-40EF-AD6D-6DEC042CC6EA}.Release|Any CPU.Build.0 = Release|Any CPU
		{35FDAF05-8CFF-4A5C-9DAF-4D9E4135835A}.Debug|Any CPU.ActiveCfg = Debug|Any CPU
		{35FDAF05-8CFF-4A5C-9DAF-4D9E4135835A}.Debug|Any CPU.Build.0 = Debug|Any CPU
		{35FDAF05-8CFF-4A5C-9DAF-4D9E4135835A}.Release|Any CPU.ActiveCfg = Release|Any CPU
		{35FDAF05-8CFF-4A5C-9DAF-4D9E4135835A}.Release|Any CPU.Build.0 = Release|Any CPU
		{38084E28-D843-4320-9267-ABFB94F6CEE6}.Debug|Any CPU.ActiveCfg = Debug|Any CPU
		{38084E28-D843-4320-9267-ABFB94F6CEE6}.Debug|Any CPU.Build.0 = Debug|Any CPU
		{38084E28-D843-4320-9267-ABFB94F6CEE6}.Release|Any CPU.ActiveCfg = Release|Any CPU
		{38084E28-D843-4320-9267-ABFB94F6CEE6}.Release|Any CPU.Build.0 = Release|Any CPU
		{08C729EB-90E1-4740-9F90-0FCCBD1E3DDD}.Debug|Any CPU.ActiveCfg = Debug|Any CPU
		{08C729EB-90E1-4740-9F90-0FCCBD1E3DDD}.Debug|Any CPU.Build.0 = Debug|Any CPU
		{08C729EB-90E1-4740-9F90-0FCCBD1E3DDD}.Release|Any CPU.ActiveCfg = Release|Any CPU
		{08C729EB-90E1-4740-9F90-0FCCBD1E3DDD}.Release|Any CPU.Build.0 = Release|Any CPU
		{C3AD8798-BDA6-4FDA-9361-97CBF08B9250}.Debug|Any CPU.ActiveCfg = Debug|Any CPU
		{C3AD8798-BDA6-4FDA-9361-97CBF08B9250}.Debug|Any CPU.Build.0 = Debug|Any CPU
		{C3AD8798-BDA6-4FDA-9361-97CBF08B9250}.Release|Any CPU.ActiveCfg = Release|Any CPU
		{C3AD8798-BDA6-4FDA-9361-97CBF08B9250}.Release|Any CPU.Build.0 = Release|Any CPU
	EndGlobalSection
	GlobalSection(SolutionProperties) = preSolution
		HideSolutionNode = FALSE
	EndGlobalSection
	GlobalSection(NestedProjects) = preSolution
		{7B156ECB-6051-4D0C-B461-5CED1485F2CE} = {EA1D7A68-E06F-46E4-A7C8-EF6046D03849}
		{DF270722-3F6C-40EF-AD6D-6DEC042CC6EA} = {EA1D7A68-E06F-46E4-A7C8-EF6046D03849}
		{35FDAF05-8CFF-4A5C-9DAF-4D9E4135835A} = {EA1D7A68-E06F-46E4-A7C8-EF6046D03849}
		{38084E28-D843-4320-9267-ABFB94F6CEE6} = {EA1D7A68-E06F-46E4-A7C8-EF6046D03849}
		{08C729EB-90E1-4740-9F90-0FCCBD1E3DDD} = {EA1D7A68-E06F-46E4-A7C8-EF6046D03849}
		{C3AD8798-BDA6-4FDA-9361-97CBF08B9250} = {49DFE9FF-88E6-4E19-AD6F-D13F6D2D5B95}
		{EA1D7A68-E06F-46E4-A7C8-EF6046D03849} = {168609CF-46CB-438A-950B-951A151CE9B6}
		{49DFE9FF-88E6-4E19-AD6F-D13F6D2D5B95} = {168609CF-46CB-438A-950B-951A151CE9B6}
	EndGlobalSection
	GlobalSection(ExtensibilityGlobals) = postSolution
		SolutionGuid = {929D0C37-AD29-4AE5-9CC9-707FDC86705D}
	EndGlobalSection
EndGlobal
